
Microsoft Visual Studio Solution File, Format Version 12.00
# Visual Studio Version 17
VisualStudioVersion = 17.9.34723.18
MinimumVisualStudioVersion = 10.0.40219.1
Project("{FAE04EC0-301F-11D3-BF4B-00C04F79EFBC}") = "FirstApi", "FirstApi\FirstApi.csproj", "{68F6F098-F708-4045-A1DB-DD94536F2CE3}"
EndProject
Global
	GlobalSection(SolutionConfigurationPlatforms) = preSolution
		Debug|Any CPU = Debug|Any CPU
		Release|Any CPU = Release|Any CPU
	EndGlobalSection
	GlobalSection(ProjectConfigurationPlatforms) = postSolution
		{68F6F098-F708-4045-A1DB-DD94536F2CE3}.Debug|Any CPU.ActiveCfg = Debug|Any CPU
		{68F6F098-F708-4045-A1DB-DD94536F2CE3}.Debug|Any CPU.Build.0 = Debug|Any CPU
		{68F6F098-F708-4045-A1DB-DD94536F2CE3}.Release|Any CPU.ActiveCfg = Release|Any CPU
		{68F6F098-F708-4045-A1DB-DD94536F2CE3}.Release|Any CPU.Build.0 = Release|Any CPU
	EndGlobalSection
	GlobalSection(SolutionProperties) = preSolution
		HideSolutionNode = FALSE
	EndGlobalSection
	GlobalSection(ExtensibilityGlobals) = postSolution
		SolutionGuid = {606F60E3-E651-47A4-8BA6-25251A0067CB}
	EndGlobalSection
EndGlobal
